
Microsoft Visual Studio Solution File, Format Version 12.00
# Visual Studio Version 16
VisualStudioVersion = 16.0.29613.14
MinimumVisualStudioVersion = 15.0.26124.0
Project("{2150E333-8FDC-42A3-9474-1A3956D46DE8}") = "src", "src", "{E2B7EF86-A7CE-4024-A7EB-5E404CCA2287}"
EndProject
Project("{6EC3EE1D-3C4E-46DD-8F32-0CC8E7565705}") = "Frontend", "src\Frontend\Frontend.fsproj", "{901D4F77-4D00-486C-9663-5EE5DFF1BF82}"
EndProject
Project("{6EC3EE1D-3C4E-46DD-8F32-0CC8E7565705}") = "Intermediate", "src\Intermediate\Intermediate.fsproj", "{510F3772-924B-418F-AEEE-B7D9C0271A8A}"
EndProject
Project("{6EC3EE1D-3C4E-46DD-8F32-0CC8E7565705}") = "Backend", "src\Backend\Backend.fsproj", "{0401E532-6B79-47CD-B2BB-EAD0B4D67531}"
EndProject
Project("{6EC3EE1D-3C4E-46DD-8F32-0CC8E7565705}") = "blechc", "src\blechc\blechc.fsproj", "{2785AF65-56A7-4A79-877D-6BFABD36F69A}"
EndProject
Project("{2150E333-8FDC-42A3-9474-1A3956D46DE8}") = "test", "test", "{202910CC-1558-448C-A7E5-CA9CE6AB592E}"
EndProject
Project("{6EC3EE1D-3C4E-46DD-8F32-0CC8E7565705}") = "TestPhases", "test\TestPhases\TestPhases.fsproj", "{5DA2757A-F79A-4EBF-B8EB-E5D98613E309}"
EndProject
Project("{6EC3EE1D-3C4E-46DD-8F32-0CC8E7565705}") = "Common", "src\Common\Common.fsproj", "{94465CC8-2C52-4F82-B20F-97D0BB55EDB9}"
EndProject
Project("{6EC3EE1D-3C4E-46DD-8F32-0CC8E7565705}") = "TestCodegeneration", "test\blechc\TestCodegeneration.fsproj", "{31486144-3A9A-4014-B9BE-0734C1B0AE09}"
EndProject
Project("{6EC3EE1D-3C4E-46DD-8F32-0CC8E7565705}") = "Common.Tests", "test\Common.Tests\Common.Tests.fsproj", "{60EDC7E6-EAE7-4604-B6F9-BDFC8BA8893B}"
EndProject
Global
	GlobalSection(SolutionConfigurationPlatforms) = preSolution
		Debug|Any CPU = Debug|Any CPU
		Debug|x64 = Debug|x64
		Debug|x86 = Debug|x86
		Release|Any CPU = Release|Any CPU
		Release|x64 = Release|x64
		Release|x86 = Release|x86
	EndGlobalSection
	GlobalSection(ProjectConfigurationPlatforms) = postSolution
		{901D4F77-4D00-486C-9663-5EE5DFF1BF82}.Debug|Any CPU.ActiveCfg = Debug|Any CPU
		{901D4F77-4D00-486C-9663-5EE5DFF1BF82}.Debug|Any CPU.Build.0 = Debug|Any CPU
		{901D4F77-4D00-486C-9663-5EE5DFF1BF82}.Debug|x64.ActiveCfg = Debug|Any CPU
		{901D4F77-4D00-486C-9663-5EE5DFF1BF82}.Debug|x64.Build.0 = Debug|Any CPU
		{901D4F77-4D00-486C-9663-5EE5DFF1BF82}.Debug|x86.ActiveCfg = Debug|Any CPU
		{901D4F77-4D00-486C-9663-5EE5DFF1BF82}.Debug|x86.Build.0 = Debug|Any CPU
		{901D4F77-4D00-486C-9663-5EE5DFF1BF82}.Release|Any CPU.ActiveCfg = Release|Any CPU
		{901D4F77-4D00-486C-9663-5EE5DFF1BF82}.Release|Any CPU.Build.0 = Release|Any CPU
		{901D4F77-4D00-486C-9663-5EE5DFF1BF82}.Release|x64.ActiveCfg = Release|Any CPU
		{901D4F77-4D00-486C-9663-5EE5DFF1BF82}.Release|x64.Build.0 = Release|Any CPU
		{901D4F77-4D00-486C-9663-5EE5DFF1BF82}.Release|x86.ActiveCfg = Release|Any CPU
		{901D4F77-4D00-486C-9663-5EE5DFF1BF82}.Release|x86.Build.0 = Release|Any CPU
		{510F3772-924B-418F-AEEE-B7D9C0271A8A}.Debug|Any CPU.ActiveCfg = Debug|Any CPU
		{510F3772-924B-418F-AEEE-B7D9C0271A8A}.Debug|Any CPU.Build.0 = Debug|Any CPU
		{510F3772-924B-418F-AEEE-B7D9C0271A8A}.Debug|x64.ActiveCfg = Debug|Any CPU
		{510F3772-924B-418F-AEEE-B7D9C0271A8A}.Debug|x64.Build.0 = Debug|Any CPU
		{510F3772-924B-418F-AEEE-B7D9C0271A8A}.Debug|x86.ActiveCfg = Debug|Any CPU
		{510F3772-924B-418F-AEEE-B7D9C0271A8A}.Debug|x86.Build.0 = Debug|Any CPU
		{510F3772-924B-418F-AEEE-B7D9C0271A8A}.Release|Any CPU.ActiveCfg = Release|Any CPU
		{510F3772-924B-418F-AEEE-B7D9C0271A8A}.Release|Any CPU.Build.0 = Release|Any CPU
		{510F3772-924B-418F-AEEE-B7D9C0271A8A}.Release|x64.ActiveCfg = Release|Any CPU
		{510F3772-924B-418F-AEEE-B7D9C0271A8A}.Release|x64.Build.0 = Release|Any CPU
		{510F3772-924B-418F-AEEE-B7D9C0271A8A}.Release|x86.ActiveCfg = Release|Any CPU
		{510F3772-924B-418F-AEEE-B7D9C0271A8A}.Release|x86.Build.0 = Release|Any CPU
		{0401E532-6B79-47CD-B2BB-EAD0B4D67531}.Debug|Any CPU.ActiveCfg = Debug|Any CPU
		{0401E532-6B79-47CD-B2BB-EAD0B4D67531}.Debug|Any CPU.Build.0 = Debug|Any CPU
		{0401E532-6B79-47CD-B2BB-EAD0B4D67531}.Debug|x64.ActiveCfg = Debug|Any CPU
		{0401E532-6B79-47CD-B2BB-EAD0B4D67531}.Debug|x64.Build.0 = Debug|Any CPU
		{0401E532-6B79-47CD-B2BB-EAD0B4D67531}.Debug|x86.ActiveCfg = Debug|Any CPU
		{0401E532-6B79-47CD-B2BB-EAD0B4D67531}.Debug|x86.Build.0 = Debug|Any CPU
		{0401E532-6B79-47CD-B2BB-EAD0B4D67531}.Release|Any CPU.ActiveCfg = Release|Any CPU
		{0401E532-6B79-47CD-B2BB-EAD0B4D67531}.Release|Any CPU.Build.0 = Release|Any CPU
		{0401E532-6B79-47CD-B2BB-EAD0B4D67531}.Release|x64.ActiveCfg = Release|Any CPU
		{0401E532-6B79-47CD-B2BB-EAD0B4D67531}.Release|x64.Build.0 = Release|Any CPU
		{0401E532-6B79-47CD-B2BB-EAD0B4D67531}.Release|x86.ActiveCfg = Release|Any CPU
		{0401E532-6B79-47CD-B2BB-EAD0B4D67531}.Release|x86.Build.0 = Release|Any CPU
		{2785AF65-56A7-4A79-877D-6BFABD36F69A}.Debug|Any CPU.ActiveCfg = Debug|Any CPU
		{2785AF65-56A7-4A79-877D-6BFABD36F69A}.Debug|Any CPU.Build.0 = Debug|Any CPU
		{2785AF65-56A7-4A79-877D-6BFABD36F69A}.Debug|x64.ActiveCfg = Debug|Any CPU
		{2785AF65-56A7-4A79-877D-6BFABD36F69A}.Debug|x64.Build.0 = Debug|Any CPU
		{2785AF65-56A7-4A79-877D-6BFABD36F69A}.Debug|x86.ActiveCfg = Debug|Any CPU
		{2785AF65-56A7-4A79-877D-6BFABD36F69A}.Debug|x86.Build.0 = Debug|Any CPU
		{2785AF65-56A7-4A79-877D-6BFABD36F69A}.Release|Any CPU.ActiveCfg = Release|Any CPU
		{2785AF65-56A7-4A79-877D-6BFABD36F69A}.Release|Any CPU.Build.0 = Release|Any CPU
		{2785AF65-56A7-4A79-877D-6BFABD36F69A}.Release|x64.ActiveCfg = Release|Any CPU
		{2785AF65-56A7-4A79-877D-6BFABD36F69A}.Release|x64.Build.0 = Release|Any CPU
		{2785AF65-56A7-4A79-877D-6BFABD36F69A}.Release|x86.ActiveCfg = Release|Any CPU
		{2785AF65-56A7-4A79-877D-6BFABD36F69A}.Release|x86.Build.0 = Release|Any CPU
		{5DA2757A-F79A-4EBF-B8EB-E5D98613E309}.Debug|Any CPU.ActiveCfg = Debug|Any CPU
		{5DA2757A-F79A-4EBF-B8EB-E5D98613E309}.Debug|Any CPU.Build.0 = Debug|Any CPU
		{5DA2757A-F79A-4EBF-B8EB-E5D98613E309}.Debug|x64.ActiveCfg = Debug|Any CPU
		{5DA2757A-F79A-4EBF-B8EB-E5D98613E309}.Debug|x64.Build.0 = Debug|Any CPU
		{5DA2757A-F79A-4EBF-B8EB-E5D98613E309}.Debug|x86.ActiveCfg = Debug|Any CPU
		{5DA2757A-F79A-4EBF-B8EB-E5D98613E309}.Debug|x86.Build.0 = Debug|Any CPU
		{5DA2757A-F79A-4EBF-B8EB-E5D98613E309}.Release|Any CPU.ActiveCfg = Release|Any CPU
		{5DA2757A-F79A-4EBF-B8EB-E5D98613E309}.Release|Any CPU.Build.0 = Release|Any CPU
		{5DA2757A-F79A-4EBF-B8EB-E5D98613E309}.Release|x64.ActiveCfg = Release|Any CPU
		{5DA2757A-F79A-4EBF-B8EB-E5D98613E309}.Release|x64.Build.0 = Release|Any CPU
		{5DA2757A-F79A-4EBF-B8EB-E5D98613E309}.Release|x86.ActiveCfg = Release|Any CPU
		{5DA2757A-F79A-4EBF-B8EB-E5D98613E309}.Release|x86.Build.0 = Release|Any CPU
		{94465CC8-2C52-4F82-B20F-97D0BB55EDB9}.Debug|Any CPU.ActiveCfg = Debug|Any CPU
		{94465CC8-2C52-4F82-B20F-97D0BB55EDB9}.Debug|Any CPU.Build.0 = Debug|Any CPU
		{94465CC8-2C52-4F82-B20F-97D0BB55EDB9}.Debug|x64.ActiveCfg = Debug|Any CPU
		{94465CC8-2C52-4F82-B20F-97D0BB55EDB9}.Debug|x64.Build.0 = Debug|Any CPU
		{94465CC8-2C52-4F82-B20F-97D0BB55EDB9}.Debug|x86.ActiveCfg = Debug|Any CPU
		{94465CC8-2C52-4F82-B20F-97D0BB55EDB9}.Debug|x86.Build.0 = Debug|Any CPU
		{94465CC8-2C52-4F82-B20F-97D0BB55EDB9}.Release|Any CPU.ActiveCfg = Release|Any CPU
		{94465CC8-2C52-4F82-B20F-97D0BB55EDB9}.Release|Any CPU.Build.0 = Release|Any CPU
		{94465CC8-2C52-4F82-B20F-97D0BB55EDB9}.Release|x64.ActiveCfg = Release|Any CPU
		{94465CC8-2C52-4F82-B20F-97D0BB55EDB9}.Release|x64.Build.0 = Release|Any CPU
		{94465CC8-2C52-4F82-B20F-97D0BB55EDB9}.Release|x86.ActiveCfg = Release|Any CPU
		{94465CC8-2C52-4F82-B20F-97D0BB55EDB9}.Release|x86.Build.0 = Release|Any CPU
		{31486144-3A9A-4014-B9BE-0734C1B0AE09}.Debug|Any CPU.ActiveCfg = Debug|Any CPU
		{31486144-3A9A-4014-B9BE-0734C1B0AE09}.Debug|Any CPU.Build.0 = Debug|Any CPU
		{31486144-3A9A-4014-B9BE-0734C1B0AE09}.Debug|x64.ActiveCfg = Debug|Any CPU
		{31486144-3A9A-4014-B9BE-0734C1B0AE09}.Debug|x64.Build.0 = Debug|Any CPU
		{31486144-3A9A-4014-B9BE-0734C1B0AE09}.Debug|x86.ActiveCfg = Debug|Any CPU
		{31486144-3A9A-4014-B9BE-0734C1B0AE09}.Debug|x86.Build.0 = Debug|Any CPU
		{31486144-3A9A-4014-B9BE-0734C1B0AE09}.Release|Any CPU.ActiveCfg = Release|Any CPU
		{31486144-3A9A-4014-B9BE-0734C1B0AE09}.Release|Any CPU.Build.0 = Release|Any CPU
		{31486144-3A9A-4014-B9BE-0734C1B0AE09}.Release|x64.ActiveCfg = Release|Any CPU
		{31486144-3A9A-4014-B9BE-0734C1B0AE09}.Release|x64.Build.0 = Release|Any CPU
		{31486144-3A9A-4014-B9BE-0734C1B0AE09}.Release|x86.ActiveCfg = Release|Any CPU
		{31486144-3A9A-4014-B9BE-0734C1B0AE09}.Release|x86.Build.0 = Release|Any CPU
		{60EDC7E6-EAE7-4604-B6F9-BDFC8BA8893B}.Debug|Any CPU.ActiveCfg = Debug|Any CPU
		{60EDC7E6-EAE7-4604-B6F9-BDFC8BA8893B}.Debug|Any CPU.Build.0 = Debug|Any CPU
		{60EDC7E6-EAE7-4604-B6F9-BDFC8BA8893B}.Debug|x64.ActiveCfg = Debug|Any CPU
		{60EDC7E6-EAE7-4604-B6F9-BDFC8BA8893B}.Debug|x64.Build.0 = Debug|Any CPU
		{60EDC7E6-EAE7-4604-B6F9-BDFC8BA8893B}.Debug|x86.ActiveCfg = Debug|Any CPU
		{60EDC7E6-EAE7-4604-B6F9-BDFC8BA8893B}.Debug|x86.Build.0 = Debug|Any CPU
		{60EDC7E6-EAE7-4604-B6F9-BDFC8BA8893B}.Release|Any CPU.ActiveCfg = Release|Any CPU
		{60EDC7E6-EAE7-4604-B6F9-BDFC8BA8893B}.Release|Any CPU.Build.0 = Release|Any CPU
		{60EDC7E6-EAE7-4604-B6F9-BDFC8BA8893B}.Release|x64.ActiveCfg = Release|Any CPU
		{60EDC7E6-EAE7-4604-B6F9-BDFC8BA8893B}.Release|x64.Build.0 = Release|Any CPU
		{60EDC7E6-EAE7-4604-B6F9-BDFC8BA8893B}.Release|x86.ActiveCfg = Release|Any CPU
		{60EDC7E6-EAE7-4604-B6F9-BDFC8BA8893B}.Release|x86.Build.0 = Release|Any CPU
	EndGlobalSection
	GlobalSection(SolutionProperties) = preSolution
		HideSolutionNode = FALSE
	EndGlobalSection
	GlobalSection(NestedProjects) = preSolution
		{901D4F77-4D00-486C-9663-5EE5DFF1BF82} = {E2B7EF86-A7CE-4024-A7EB-5E404CCA2287}
		{510F3772-924B-418F-AEEE-B7D9C0271A8A} = {E2B7EF86-A7CE-4024-A7EB-5E404CCA2287}
		{0401E532-6B79-47CD-B2BB-EAD0B4D67531} = {E2B7EF86-A7CE-4024-A7EB-5E404CCA2287}
		{2785AF65-56A7-4A79-877D-6BFABD36F69A} = {E2B7EF86-A7CE-4024-A7EB-5E404CCA2287}
		{5DA2757A-F79A-4EBF-B8EB-E5D98613E309} = {202910CC-1558-448C-A7E5-CA9CE6AB592E}
		{94465CC8-2C52-4F82-B20F-97D0BB55EDB9} = {E2B7EF86-A7CE-4024-A7EB-5E404CCA2287}
		{31486144-3A9A-4014-B9BE-0734C1B0AE09} = {202910CC-1558-448C-A7E5-CA9CE6AB592E}
		{60EDC7E6-EAE7-4604-B6F9-BDFC8BA8893B} = {202910CC-1558-448C-A7E5-CA9CE6AB592E}
	EndGlobalSection
	GlobalSection(ExtensibilityGlobals) = postSolution
		SolutionGuid = {64B40511-5550-4A24-9AEB-0E90135DB5BB}
	EndGlobalSection
EndGlobal
